// !$*UTF8*$!
{
	archiveVersion = 1;
	classes = {
	};
	objectVersion = 52;
	objects = {

/* Begin PBXBuildFile section */
		BF0A883826925FD90011412E /* PopRacers.js in Resources */ = {isa = PBXBuildFile; fileRef = BFF2289D269227CB00AFAE52 /* PopRacers.js */; };
		BF269CEE26925A780077D78D /* PopEngine.xcframework in Frameworks */ = {isa = PBXBuildFile; fileRef = BF269CED26925A780077D78D /* PopEngine.xcframework */; };
		BF269CEF26925A780077D78D /* PopEngine.xcframework in Embed Frameworks */ = {isa = PBXBuildFile; fileRef = BF269CED26925A780077D78D /* PopEngine.xcframework */; settings = {ATTRIBUTES = (CodeSignOnCopy, RemoveHeadersOnCopy, ); }; };
		BFC333D126925DE700EAFDD9 /* PopRacersAppClip.app in Embed App Clips */ = {isa = PBXBuildFile; fileRef = BFC333C226925DE400EAFDD9 /* PopRacersAppClip.app */; settings = {ATTRIBUTES = (RemoveHeadersOnCopy, ); }; };
		BFC333D726925EA400EAFDD9 /* PopEngineGui.swift in Sources */ = {isa = PBXBuildFile; fileRef = BFF2289B2692268600AFAE52 /* PopEngineGui.swift */; };
		BFC333D926925EA700EAFDD9 /* Bridge.mm in Sources */ = {isa = PBXBuildFile; fileRef = BFF22889269223C700AFAE52 /* Bridge.mm */; };
		BFC333DB26925EA900EAFDD9 /* ContentView.swift in Sources */ = {isa = PBXBuildFile; fileRef = BFF228682692216800AFAE52 /* ContentView.swift */; };
		BFC333DD26925EAB00EAFDD9 /* PopRacersApp.swift in Sources */ = {isa = PBXBuildFile; fileRef = BFF228662692216800AFAE52 /* PopRacersApp.swift */; };
		BFC333DF26925EAE00EAFDD9 /* Assets.xcassets in Resources */ = {isa = PBXBuildFile; fileRef = BFF2286A2692216A00AFAE52 /* Assets.xcassets */; };
		BFC333E226925ED400EAFDD9 /* PopEngine.xcframework in Frameworks */ = {isa = PBXBuildFile; fileRef = BF269CED26925A780077D78D /* PopEngine.xcframework */; };
		BFC333E326925ED400EAFDD9 /* PopEngine.xcframework in Embed Frameworks */ = {isa = PBXBuildFile; fileRef = BF269CED26925A780077D78D /* PopEngine.xcframework */; settings = {ATTRIBUTES = (CodeSignOnCopy, RemoveHeadersOnCopy, ); }; };
		BFC5ED37269325F600EA49EF /* PopCameraDevice.xcframework in Frameworks */ = {isa = PBXBuildFile; fileRef = BF269CE926925A760077D78D /* PopCameraDevice.xcframework */; };
		BFC5ED38269325F600EA49EF /* PopCameraDevice.xcframework in Embed Frameworks */ = {isa = PBXBuildFile; fileRef = BF269CE926925A760077D78D /* PopCameraDevice.xcframework */; settings = {ATTRIBUTES = (CodeSignOnCopy, RemoveHeadersOnCopy, ); }; };
		BFC5ED39269325F900EA49EF /* PopH264.xcframework in Frameworks */ = {isa = PBXBuildFile; fileRef = BF269CF026925A7A0077D78D /* PopH264.xcframework */; };
		BFC5ED3A269325F900EA49EF /* PopH264.xcframework in Embed Frameworks */ = {isa = PBXBuildFile; fileRef = BF269CF026925A7A0077D78D /* PopH264.xcframework */; settings = {ATTRIBUTES = (CodeSignOnCopy, RemoveHeadersOnCopy, ); }; };
		BFC5ED3B2693C54900EA49EF /* PopCameraDevice.xcframework in Frameworks */ = {isa = PBXBuildFile; fileRef = BF269CE926925A760077D78D /* PopCameraDevice.xcframework */; };
		BFC5ED3C2693C54900EA49EF /* PopCameraDevice.xcframework in Embed Frameworks */ = {isa = PBXBuildFile; fileRef = BF269CE926925A760077D78D /* PopCameraDevice.xcframework */; settings = {ATTRIBUTES = (CodeSignOnCopy, RemoveHeadersOnCopy, ); }; };
		BFC5ED3D2693C54B00EA49EF /* PopH264.xcframework in Frameworks */ = {isa = PBXBuildFile; fileRef = BF269CF026925A7A0077D78D /* PopH264.xcframework */; };
		BFC5ED3E2693C54B00EA49EF /* PopH264.xcframework in Embed Frameworks */ = {isa = PBXBuildFile; fileRef = BF269CF026925A7A0077D78D /* PopH264.xcframework */; settings = {ATTRIBUTES = (CodeSignOnCopy, RemoveHeadersOnCopy, ); }; };
		BFF228672692216800AFAE52 /* PopRacersApp.swift in Sources */ = {isa = PBXBuildFile; fileRef = BFF228662692216800AFAE52 /* PopRacersApp.swift */; };
		BFF228692692216800AFAE52 /* ContentView.swift in Sources */ = {isa = PBXBuildFile; fileRef = BFF228682692216800AFAE52 /* ContentView.swift */; };
		BFF2286B2692216A00AFAE52 /* Assets.xcassets in Resources */ = {isa = PBXBuildFile; fileRef = BFF2286A2692216A00AFAE52 /* Assets.xcassets */; };
		BFF2288A269223C700AFAE52 /* Bridge.mm in Sources */ = {isa = PBXBuildFile; fileRef = BFF22889269223C700AFAE52 /* Bridge.mm */; };
		BFF2289C2692268600AFAE52 /* PopEngineGui.swift in Sources */ = {isa = PBXBuildFile; fileRef = BFF2289B2692268600AFAE52 /* PopEngineGui.swift */; };
		BFF2289E269227CB00AFAE52 /* PopRacers.js in Resources */ = {isa = PBXBuildFile; fileRef = BFF2289D269227CB00AFAE52 /* PopRacers.js */; };
/* End PBXBuildFile section */

/* Begin PBXContainerItemProxy section */
		BFC333CF26925DE700EAFDD9 /* PBXContainerItemProxy */ = {
			isa = PBXContainerItemProxy;
			containerPortal = BFF2285B2692216800AFAE52 /* Project object */;
			proxyType = 1;
			remoteGlobalIDString = BFC333C126925DE400EAFDD9;
			remoteInfo = "PopRacers AppClip";
		};
/* End PBXContainerItemProxy section */

/* Begin PBXCopyFilesBuildPhase section */
		BF269CEC26925A760077D78D /* Embed Frameworks */ = {
			isa = PBXCopyFilesBuildPhase;
			buildActionMask = 2147483647;
			dstPath = "";
			dstSubfolderSpec = 10;
			files = (
				BFC5ED38269325F600EA49EF /* PopCameraDevice.xcframework in Embed Frameworks */,
				BF269CEF26925A780077D78D /* PopEngine.xcframework in Embed Frameworks */,
				BFC5ED3A269325F900EA49EF /* PopH264.xcframework in Embed Frameworks */,
			);
			name = "Embed Frameworks";
			runOnlyForDeploymentPostprocessing = 0;
		};
		BFC333D526925DE700EAFDD9 /* Embed App Clips */ = {
			isa = PBXCopyFilesBuildPhase;
			buildActionMask = 2147483647;
			dstPath = "$(CONTENTS_FOLDER_PATH)/AppClips";
			dstSubfolderSpec = 16;
			files = (
				BFC333D126925DE700EAFDD9 /* PopRacersAppClip.app in Embed App Clips */,
			);
			name = "Embed App Clips";
			runOnlyForDeploymentPostprocessing = 0;
		};
		BFC333E426925ED400EAFDD9 /* Embed Frameworks */ = {
			isa = PBXCopyFilesBuildPhase;
			buildActionMask = 2147483647;
			dstPath = "";
			dstSubfolderSpec = 10;
			files = (
				BFC5ED3C2693C54900EA49EF /* PopCameraDevice.xcframework in Embed Frameworks */,
				BFC333E326925ED400EAFDD9 /* PopEngine.xcframework in Embed Frameworks */,
				BFC5ED3E2693C54B00EA49EF /* PopH264.xcframework in Embed Frameworks */,
			);
			name = "Embed Frameworks";
			runOnlyForDeploymentPostprocessing = 0;
		};
/* End PBXCopyFilesBuildPhase section */

/* Begin PBXFileReference section */
		BF269CE926925A760077D78D /* PopCameraDevice.xcframework */ = {isa = PBXFileReference; lastKnownFileType = wrapper.xcframework; name = PopCameraDevice.xcframework; path = Source/Apple/PopCameraDevice.xcframework; sourceTree = "<group>"; };
		BF269CED26925A780077D78D /* PopEngine.xcframework */ = {isa = PBXFileReference; lastKnownFileType = wrapper.xcframework; name = PopEngine.xcframework; path = Source/Apple/PopEngine.xcframework; sourceTree = "<group>"; };
		BF269CF026925A7A0077D78D /* PopH264.xcframework */ = {isa = PBXFileReference; lastKnownFileType = wrapper.xcframework; name = PopH264.xcframework; path = Source/Apple/PopH264.xcframework; sourceTree = "<group>"; };
		BFC333C226925DE400EAFDD9 /* PopRacersAppClip.app */ = {isa = PBXFileReference; explicitFileType = wrapper.application; includeInIndex = 0; path = PopRacersAppClip.app; sourceTree = BUILT_PRODUCTS_DIR; };
		BFC333CD26925DE700EAFDD9 /* AppClipInfo.plist */ = {isa = PBXFileReference; lastKnownFileType = text.plist.xml; path = AppClipInfo.plist; sourceTree = "<group>"; };
		BFC333CE26925DE700EAFDD9 /* PopRacers_AppClip.entitlements */ = {isa = PBXFileReference; lastKnownFileType = text.plist.entitlements; path = PopRacers_AppClip.entitlements; sourceTree = "<group>"; };
		BFF228632692216800AFAE52 /* PopRacers.app */ = {isa = PBXFileReference; explicitFileType = wrapper.application; includeInIndex = 0; path = PopRacers.app; sourceTree = BUILT_PRODUCTS_DIR; };
		BFF228662692216800AFAE52 /* PopRacersApp.swift */ = {isa = PBXFileReference; lastKnownFileType = sourcecode.swift; path = PopRacersApp.swift; sourceTree = "<group>"; };
		BFF228682692216800AFAE52 /* ContentView.swift */ = {isa = PBXFileReference; lastKnownFileType = sourcecode.swift; path = ContentView.swift; sourceTree = "<group>"; };
		BFF2286A2692216A00AFAE52 /* Assets.xcassets */ = {isa = PBXFileReference; lastKnownFileType = folder.assetcatalog; path = Assets.xcassets; sourceTree = "<group>"; };
		BFF2286F2692216A00AFAE52 /* AppInfo.plist */ = {isa = PBXFileReference; lastKnownFileType = text.plist.xml; path = AppInfo.plist; sourceTree = "<group>"; };
		BFF22888269223C600AFAE52 /* PopRacers-Bridging-Header.h */ = {isa = PBXFileReference; lastKnownFileType = sourcecode.c.h; path = "PopRacers-Bridging-Header.h"; sourceTree = "<group>"; };
		BFF22889269223C700AFAE52 /* Bridge.mm */ = {isa = PBXFileReference; lastKnownFileType = sourcecode.cpp.objcpp; path = Bridge.mm; sourceTree = "<group>"; };
		BFF2288F2692262900AFAE52 /* Apple */ = {isa = PBXFileReference; lastKnownFileType = folder; path = Apple; sourceTree = "<group>"; };
		BFF228912692262F00AFAE52 /* PopCameraDevice.xcframework */ = {isa = PBXFileReference; lastKnownFileType = wrapper.xcframework; name = PopCameraDevice.xcframework; path = Apple/PopCameraDevice.xcframework; sourceTree = "<group>"; };
		BFF228942692263100AFAE52 /* PopEngine.xcframework */ = {isa = PBXFileReference; lastKnownFileType = wrapper.xcframework; name = PopEngine.xcframework; path = Apple/PopEngine.xcframework; sourceTree = "<group>"; };
		BFF228972692263300AFAE52 /* PopH264.xcframework */ = {isa = PBXFileReference; lastKnownFileType = wrapper.xcframework; name = PopH264.xcframework; path = Apple/PopH264.xcframework; sourceTree = "<group>"; };
		BFF2289B2692268600AFAE52 /* PopEngineGui.swift */ = {isa = PBXFileReference; fileEncoding = 4; lastKnownFileType = sourcecode.swift; name = PopEngineGui.swift; path = Source/PopEngineGui.swift; sourceTree = SOURCE_ROOT; };
		BFF2289D269227CB00AFAE52 /* PopRacers.js */ = {isa = PBXFileReference; lastKnownFileType = folder; path = PopRacers.js; sourceTree = "<group>"; };
/* End PBXFileReference section */

/* Begin PBXFrameworksBuildPhase section */
		BFC333BF26925DE400EAFDD9 /* Frameworks */ = {
			isa = PBXFrameworksBuildPhase;
			buildActionMask = 2147483647;
			files = (
				BFC5ED3B2693C54900EA49EF /* PopCameraDevice.xcframework in Frameworks */,
				BFC333E226925ED400EAFDD9 /* PopEngine.xcframework in Frameworks */,
				BFC5ED3D2693C54B00EA49EF /* PopH264.xcframework in Frameworks */,
			);
			runOnlyForDeploymentPostprocessing = 0;
		};
		BFF228602692216800AFAE52 /* Frameworks */ = {
			isa = PBXFrameworksBuildPhase;
			buildActionMask = 2147483647;
			files = (
				BFC5ED37269325F600EA49EF /* PopCameraDevice.xcframework in Frameworks */,
				BF269CEE26925A780077D78D /* PopEngine.xcframework in Frameworks */,
				BFC5ED39269325F900EA49EF /* PopH264.xcframework in Frameworks */,
			);
			runOnlyForDeploymentPostprocessing = 0;
		};
/* End PBXFrameworksBuildPhase section */

/* Begin PBXGroup section */
		BFF2285A2692216800AFAE52 = {
			isa = PBXGroup;
			children = (
				BFF2289D269227CB00AFAE52 /* PopRacers.js */,
				BFF228652692216800AFAE52 /* Source */,
				BFF228642692216800AFAE52 /* Products */,
				BFF2287C2692221600AFAE52 /* Frameworks */,
			);
			sourceTree = "<group>";
		};
		BFF228642692216800AFAE52 /* Products */ = {
			isa = PBXGroup;
			children = (
				BFF228632692216800AFAE52 /* PopRacers.app */,
				BFC333C226925DE400EAFDD9 /* PopRacersAppClip.app */,
			);
			name = Products;
			sourceTree = "<group>";
		};
		BFF228652692216800AFAE52 /* Source */ = {
			isa = PBXGroup;
			children = (
				BFF2288F2692262900AFAE52 /* Apple */,
				BFF2289B2692268600AFAE52 /* PopEngineGui.swift */,
				BFF22889269223C700AFAE52 /* Bridge.mm */,
				BFC333CD26925DE700EAFDD9 /* AppClipInfo.plist */,
				BFF228662692216800AFAE52 /* PopRacersApp.swift */,
				BFC333CE26925DE700EAFDD9 /* PopRacers_AppClip.entitlements */,
				BFF228682692216800AFAE52 /* ContentView.swift */,
				BFF2286A2692216A00AFAE52 /* Assets.xcassets */,
				BFF2286F2692216A00AFAE52 /* AppInfo.plist */,
				BFF22888269223C600AFAE52 /* PopRacers-Bridging-Header.h */,
			);
			path = Source;
			sourceTree = "<group>";
		};
		BFF2287C2692221600AFAE52 /* Frameworks */ = {
			isa = PBXGroup;
			children = (
				BF269CE926925A760077D78D /* PopCameraDevice.xcframework */,
				BF269CED26925A780077D78D /* PopEngine.xcframework */,
				BF269CF026925A7A0077D78D /* PopH264.xcframework */,
				BFF228912692262F00AFAE52 /* PopCameraDevice.xcframework */,
				BFF228942692263100AFAE52 /* PopEngine.xcframework */,
				BFF228972692263300AFAE52 /* PopH264.xcframework */,
			);
			name = Frameworks;
			sourceTree = "<group>";
		};
/* End PBXGroup section */

/* Begin PBXNativeTarget section */
		BFC333C126925DE400EAFDD9 /* PopRacersAppClip */ = {
			isa = PBXNativeTarget;
			buildConfigurationList = BFC333D226925DE700EAFDD9 /* Build configuration list for PBXNativeTarget "PopRacersAppClip" */;
			buildPhases = (
				BFC333BE26925DE400EAFDD9 /* Sources */,
				BFC333BF26925DE400EAFDD9 /* Frameworks */,
				BFC333C026925DE400EAFDD9 /* Resources */,
				BFC333E426925ED400EAFDD9 /* Embed Frameworks */,
			);
			buildRules = (
			);
			dependencies = (
			);
			name = PopRacersAppClip;
			productName = "PopRacers AppClip";
			productReference = BFC333C226925DE400EAFDD9 /* PopRacersAppClip.app */;
			productType = "com.apple.product-type.application.on-demand-install-capable";
		};
		BFF228622692216800AFAE52 /* PopRacers */ = {
			isa = PBXNativeTarget;
			buildConfigurationList = BFF228722692216A00AFAE52 /* Build configuration list for PBXNativeTarget "PopRacers" */;
			buildPhases = (
				BFF2285F2692216800AFAE52 /* Sources */,
				BFF228602692216800AFAE52 /* Frameworks */,
				BFF228612692216800AFAE52 /* Resources */,
				BF269CEC26925A760077D78D /* Embed Frameworks */,
				BFC333D526925DE700EAFDD9 /* Embed App Clips */,
			);
			buildRules = (
			);
			dependencies = (
				BFC333D026925DE700EAFDD9 /* PBXTargetDependency */,
			);
			name = PopRacers;
			productName = PopRacers;
			productReference = BFF228632692216800AFAE52 /* PopRacers.app */;
			productType = "com.apple.product-type.application";
		};
/* End PBXNativeTarget section */

/* Begin PBXProject section */
		BFF2285B2692216800AFAE52 /* Project object */ = {
			isa = PBXProject;
			attributes = {
				LastSwiftUpdateCheck = 1220;
				LastUpgradeCheck = 1220;
				TargetAttributes = {
					BFC333C126925DE400EAFDD9 = {
						CreatedOnToolsVersion = 12.2;
					};
					BFF228622692216800AFAE52 = {
						CreatedOnToolsVersion = 12.2;
						LastSwiftMigration = 1220;
					};
				};
			};
			buildConfigurationList = BFF2285E2692216800AFAE52 /* Build configuration list for PBXProject "PopRacers" */;
			compatibilityVersion = "Xcode 9.3";
			developmentRegion = en;
			hasScannedForEncodings = 0;
			knownRegions = (
				en,
				Base,
			);
			mainGroup = BFF2285A2692216800AFAE52;
			productRefGroup = BFF228642692216800AFAE52 /* Products */;
			projectDirPath = "";
			projectRoot = "";
			targets = (
				BFF228622692216800AFAE52 /* PopRacers */,
				BFC333C126925DE400EAFDD9 /* PopRacersAppClip */,
			);
		};
/* End PBXProject section */

/* Begin PBXResourcesBuildPhase section */
		BFC333C026925DE400EAFDD9 /* Resources */ = {
			isa = PBXResourcesBuildPhase;
			buildActionMask = 2147483647;
			files = (
				BF0A883826925FD90011412E /* PopRacers.js in Resources */,
				BFC333DF26925EAE00EAFDD9 /* Assets.xcassets in Resources */,
			);
			runOnlyForDeploymentPostprocessing = 0;
		};
		BFF228612692216800AFAE52 /* Resources */ = {
			isa = PBXResourcesBuildPhase;
			buildActionMask = 2147483647;
			files = (
				BFF2289E269227CB00AFAE52 /* PopRacers.js in Resources */,
				BFF2286B2692216A00AFAE52 /* Assets.xcassets in Resources */,
			);
			runOnlyForDeploymentPostprocessing = 0;
		};
/* End PBXResourcesBuildPhase section */

/* Begin PBXSourcesBuildPhase section */
		BFC333BE26925DE400EAFDD9 /* Sources */ = {
			isa = PBXSourcesBuildPhase;
			buildActionMask = 2147483647;
			files = (
				BFC333D726925EA400EAFDD9 /* PopEngineGui.swift in Sources */,
				BFC333DB26925EA900EAFDD9 /* ContentView.swift in Sources */,
				BFC333D926925EA700EAFDD9 /* Bridge.mm in Sources */,
				BFC333DD26925EAB00EAFDD9 /* PopRacersApp.swift in Sources */,
			);
			runOnlyForDeploymentPostprocessing = 0;
		};
		BFF2285F2692216800AFAE52 /* Sources */ = {
			isa = PBXSourcesBuildPhase;
			buildActionMask = 2147483647;
			files = (
				BFF2288A269223C700AFAE52 /* Bridge.mm in Sources */,
				BFF228692692216800AFAE52 /* ContentView.swift in Sources */,
				BFF228672692216800AFAE52 /* PopRacersApp.swift in Sources */,
				BFF2289C2692268600AFAE52 /* PopEngineGui.swift in Sources */,
			);
			runOnlyForDeploymentPostprocessing = 0;
		};
/* End PBXSourcesBuildPhase section */

/* Begin PBXTargetDependency section */
		BFC333D026925DE700EAFDD9 /* PBXTargetDependency */ = {
			isa = PBXTargetDependency;
			target = BFC333C126925DE400EAFDD9 /* PopRacersAppClip */;
			targetProxy = BFC333CF26925DE700EAFDD9 /* PBXContainerItemProxy */;
		};
/* End PBXTargetDependency section */

/* Begin XCBuildConfiguration section */
		BFC333D326925DE700EAFDD9 /* Debug */ = {
			isa = XCBuildConfiguration;
			buildSettings = {
				ASSETCATALOG_COMPILER_APPICON_NAME = AppIcon;
				ASSETCATALOG_COMPILER_GLOBAL_ACCENT_COLOR_NAME = AccentColor;
				CODE_SIGN_ENTITLEMENTS = Source/PopRacers_AppClip.entitlements;
				CODE_SIGN_STYLE = Automatic;
				DEVELOPMENT_ASSET_PATHS = "";
				DEVELOPMENT_TEAM = X52DR36JY2;
				ENABLE_PREVIEWS = YES;
				INFOPLIST_FILE = "$(SRCROOT)/Source/AppClipInfo.plist";
				IPHONEOS_DEPLOYMENT_TARGET = 14.0;
				LD_RUNPATH_SEARCH_PATHS = (
					"$(inherited)",
					"@executable_path/Frameworks",
				);
				PRODUCT_BUNDLE_IDENTIFIER = com.NewChromantics.PopRacers.Clip;
				PRODUCT_NAME = "$(TARGET_NAME)";
				SWIFT_OBJC_BRIDGING_HEADER = "Source/PopRacers-Bridging-Header.h";
				SWIFT_VERSION = 5.0;
				TARGETED_DEVICE_FAMILY = "1,2";
			};
			name = Debug;
		};
		BFC333D426925DE700EAFDD9 /* Release */ = {
			isa = XCBuildConfiguration;
			buildSettings = {
				ASSETCATALOG_COMPILER_APPICON_NAME = AppIcon;
				ASSETCATALOG_COMPILER_GLOBAL_ACCENT_COLOR_NAME = AccentColor;
				CODE_SIGN_ENTITLEMENTS = Source/PopRacers_AppClip.entitlements;
				CODE_SIGN_STYLE = Automatic;
				DEVELOPMENT_ASSET_PATHS = "";
				DEVELOPMENT_TEAM = X52DR36JY2;
				ENABLE_PREVIEWS = YES;
				INFOPLIST_FILE = "$(SRCROOT)/Source/AppClipInfo.plist";
				IPHONEOS_DEPLOYMENT_TARGET = 14.0;
				LD_RUNPATH_SEARCH_PATHS = (
					"$(inherited)",
					"@executable_path/Frameworks",
				);
				PRODUCT_BUNDLE_IDENTIFIER = com.NewChromantics.PopRacers.Clip;
				PRODUCT_NAME = "$(TARGET_NAME)";
				SWIFT_OBJC_BRIDGING_HEADER = "Source/PopRacers-Bridging-Header.h";
				SWIFT_VERSION = 5.0;
				TARGETED_DEVICE_FAMILY = "1,2";
			};
			name = Release;
		};
		BFF228702692216A00AFAE52 /* Debug */ = {
			isa = XCBuildConfiguration;
			buildSettings = {
				ALWAYS_SEARCH_USER_PATHS = NO;
				CLANG_ANALYZER_NONNULL = YES;
				CLANG_ANALYZER_NUMBER_OBJECT_CONVERSION = YES_AGGRESSIVE;
				CLANG_CXX_LANGUAGE_STANDARD = "gnu++14";
				CLANG_CXX_LIBRARY = "libc++";
				CLANG_ENABLE_MODULES = YES;
				CLANG_ENABLE_OBJC_ARC = YES;
				CLANG_ENABLE_OBJC_WEAK = YES;
				CLANG_WARN_BLOCK_CAPTURE_AUTORELEASING = YES;
				CLANG_WARN_BOOL_CONVERSION = YES;
				CLANG_WARN_COMMA = YES;
				CLANG_WARN_CONSTANT_CONVERSION = YES;
				CLANG_WARN_DEPRECATED_OBJC_IMPLEMENTATIONS = YES;
				CLANG_WARN_DIRECT_OBJC_ISA_USAGE = YES_ERROR;
				CLANG_WARN_DOCUMENTATION_COMMENTS = YES;
				CLANG_WARN_EMPTY_BODY = YES;
				CLANG_WARN_ENUM_CONVERSION = YES;
				CLANG_WARN_INFINITE_RECURSION = YES;
				CLANG_WARN_INT_CONVERSION = YES;
				CLANG_WARN_NON_LITERAL_NULL_CONVERSION = YES;
				CLANG_WARN_OBJC_IMPLICIT_RETAIN_SELF = YES;
				CLANG_WARN_OBJC_LITERAL_CONVERSION = YES;
				CLANG_WARN_OBJC_ROOT_CLASS = YES_ERROR;
				CLANG_WARN_QUOTED_INCLUDE_IN_FRAMEWORK_HEADER = YES;
				CLANG_WARN_RANGE_LOOP_ANALYSIS = YES;
				CLANG_WARN_STRICT_PROTOTYPES = YES;
				CLANG_WARN_SUSPICIOUS_MOVE = YES;
				CLANG_WARN_UNGUARDED_AVAILABILITY = YES_AGGRESSIVE;
				CLANG_WARN_UNREACHABLE_CODE = YES;
				CLANG_WARN__DUPLICATE_METHOD_MATCH = YES;
				COPY_PHASE_STRIP = NO;
				DEBUG_INFORMATION_FORMAT = dwarf;
				ENABLE_BITCODE = YES;
				ENABLE_STRICT_OBJC_MSGSEND = YES;
				ENABLE_TESTABILITY = YES;
				GCC_C_LANGUAGE_STANDARD = gnu11;
				GCC_DYNAMIC_NO_PIC = NO;
				GCC_NO_COMMON_BLOCKS = YES;
				GCC_OPTIMIZATION_LEVEL = 0;
				GCC_PREPROCESSOR_DEFINITIONS = (
					"DEBUG=1",
					"$(inherited)",
				);
				GCC_WARN_64_TO_32_BIT_CONVERSION = YES;
				GCC_WARN_ABOUT_RETURN_TYPE = YES_ERROR;
				GCC_WARN_UNDECLARED_SELECTOR = YES;
				GCC_WARN_UNINITIALIZED_AUTOS = YES_AGGRESSIVE;
				GCC_WARN_UNUSED_FUNCTION = YES;
				GCC_WARN_UNUSED_VARIABLE = YES;
				IPHONEOS_DEPLOYMENT_TARGET = 14.2;
				MTL_ENABLE_DEBUG_INFO = INCLUDE_SOURCE;
				MTL_FAST_MATH = YES;
				ONLY_ACTIVE_ARCH = YES;
				SDKROOT = iphoneos;
				SWIFT_ACTIVE_COMPILATION_CONDITIONS = DEBUG;
				SWIFT_OPTIMIZATION_LEVEL = "-Onone";
			};
			name = Debug;
		};
		BFF228712692216A00AFAE52 /* Release */ = {
			isa = XCBuildConfiguration;
			buildSettings = {
				ALWAYS_SEARCH_USER_PATHS = NO;
				CLANG_ANALYZER_NONNULL = YES;
				CLANG_ANALYZER_NUMBER_OBJECT_CONVERSION = YES_AGGRESSIVE;
				CLANG_CXX_LANGUAGE_STANDARD = "gnu++14";
				CLANG_CXX_LIBRARY = "libc++";
				CLANG_ENABLE_MODULES = YES;
				CLANG_ENABLE_OBJC_ARC = YES;
				CLANG_ENABLE_OBJC_WEAK = YES;
				CLANG_WARN_BLOCK_CAPTURE_AUTORELEASING = YES;
				CLANG_WARN_BOOL_CONVERSION = YES;
				CLANG_WARN_COMMA = YES;
				CLANG_WARN_CONSTANT_CONVERSION = YES;
				CLANG_WARN_DEPRECATED_OBJC_IMPLEMENTATIONS = YES;
				CLANG_WARN_DIRECT_OBJC_ISA_USAGE = YES_ERROR;
				CLANG_WARN_DOCUMENTATION_COMMENTS = YES;
				CLANG_WARN_EMPTY_BODY = YES;
				CLANG_WARN_ENUM_CONVERSION = YES;
				CLANG_WARN_INFINITE_RECURSION = YES;
				CLANG_WARN_INT_CONVERSION = YES;
				CLANG_WARN_NON_LITERAL_NULL_CONVERSION = YES;
				CLANG_WARN_OBJC_IMPLICIT_RETAIN_SELF = YES;
				CLANG_WARN_OBJC_LITERAL_CONVERSION = YES;
				CLANG_WARN_OBJC_ROOT_CLASS = YES_ERROR;
				CLANG_WARN_QUOTED_INCLUDE_IN_FRAMEWORK_HEADER = YES;
				CLANG_WARN_RANGE_LOOP_ANALYSIS = YES;
				CLANG_WARN_STRICT_PROTOTYPES = YES;
				CLANG_WARN_SUSPICIOUS_MOVE = YES;
				CLANG_WARN_UNGUARDED_AVAILABILITY = YES_AGGRESSIVE;
				CLANG_WARN_UNREACHABLE_CODE = YES;
				CLANG_WARN__DUPLICATE_METHOD_MATCH = YES;
				COPY_PHASE_STRIP = NO;
				DEBUG_INFORMATION_FORMAT = "dwarf-with-dsym";
				ENABLE_BITCODE = YES;
				ENABLE_NS_ASSERTIONS = NO;
				ENABLE_STRICT_OBJC_MSGSEND = YES;
				GCC_C_LANGUAGE_STANDARD = gnu11;
				GCC_NO_COMMON_BLOCKS = YES;
				GCC_WARN_64_TO_32_BIT_CONVERSION = YES;
				GCC_WARN_ABOUT_RETURN_TYPE = YES_ERROR;
				GCC_WARN_UNDECLARED_SELECTOR = YES;
				GCC_WARN_UNINITIALIZED_AUTOS = YES_AGGRESSIVE;
				GCC_WARN_UNUSED_FUNCTION = YES;
				GCC_WARN_UNUSED_VARIABLE = YES;
				IPHONEOS_DEPLOYMENT_TARGET = 14.2;
				MTL_ENABLE_DEBUG_INFO = NO;
				MTL_FAST_MATH = YES;
				SDKROOT = iphoneos;
				SWIFT_COMPILATION_MODE = wholemodule;
				SWIFT_OPTIMIZATION_LEVEL = "-O";
				VALIDATE_PRODUCT = YES;
			};
			name = Release;
		};
		BFF228732692216A00AFAE52 /* Debug */ = {
			isa = XCBuildConfiguration;
			buildSettings = {
				ALWAYS_EMBED_SWIFT_STANDARD_LIBRARIES = YES;
				ASSETCATALOG_COMPILER_APPICON_NAME = AppIcon;
				ASSETCATALOG_COMPILER_GLOBAL_ACCENT_COLOR_NAME = AccentColor;
				CLANG_ENABLE_MODULES = YES;
				CODE_SIGN_STYLE = Automatic;
				DEVELOPMENT_TEAM = X52DR36JY2;
				ENABLE_PREVIEWS = YES;
				INFOPLIST_FILE = "$(SRCROOT)/Source/AppInfo.plist";
				IPHONEOS_DEPLOYMENT_TARGET = 14.0;
				LD_RUNPATH_SEARCH_PATHS = (
					"$(inherited)",
					"@executable_path/Frameworks",
				);
				PRODUCT_BUNDLE_IDENTIFIER = com.NewChromantics.PopRacers;
				PRODUCT_NAME = "$(TARGET_NAME)";
				SWIFT_OBJC_BRIDGING_HEADER = "Source/PopRacers-Bridging-Header.h";
				SWIFT_OPTIMIZATION_LEVEL = "-Onone";
				SWIFT_VERSION = 5.0;
				TARGETED_DEVICE_FAMILY = "1,2";
			};
			name = Debug;
		};
		BFF228742692216A00AFAE52 /* Release */ = {
			isa = XCBuildConfiguration;
			buildSettings = {
				ALWAYS_EMBED_SWIFT_STANDARD_LIBRARIES = YES;
				ASSETCATALOG_COMPILER_APPICON_NAME = AppIcon;
				ASSETCATALOG_COMPILER_GLOBAL_ACCENT_COLOR_NAME = AccentColor;
				CLANG_ENABLE_MODULES = YES;
				CODE_SIGN_STYLE = Automatic;
				DEVELOPMENT_TEAM = X52DR36JY2;
				ENABLE_PREVIEWS = YES;
				INFOPLIST_FILE = "$(SRCROOT)/Source/AppInfo.plist";
				IPHONEOS_DEPLOYMENT_TARGET = 14.0;
				LD_RUNPATH_SEARCH_PATHS = (
					"$(inherited)",
					"@executable_path/Frameworks",
				);
				PRODUCT_BUNDLE_IDENTIFIER = com.NewChromantics.PopRacers;
				PRODUCT_NAME = "$(TARGET_NAME)";
				SWIFT_OBJC_BRIDGING_HEADER = "Source/PopRacers-Bridging-Header.h";
				SWIFT_VERSION = 5.0;
				TARGETED_DEVICE_FAMILY = "1,2";
			};
			name = Release;
		};
/* End XCBuildConfiguration section */

/* Begin XCConfigurationList section */
		BFC333D226925DE700EAFDD9 /* Build configuration list for PBXNativeTarget "PopRacersAppClip" */ = {
			isa = XCConfigurationList;
			buildConfigurations = (
				BFC333D326925DE700EAFDD9 /* Debug */,
				BFC333D426925DE700EAFDD9 /* Release */,
			);
			defaultConfigurationIsVisible = 0;
			defaultConfigurationName = Release;
		};
		BFF2285E2692216800AFAE52 /* Build configuration list for PBXProject "PopRacers" */ = {
			isa = XCConfigurationList;
			buildConfigurations = (
				BFF228702692216A00AFAE52 /* Debug */,
				BFF228712692216A00AFAE52 /* Release */,
			);
			defaultConfigurationIsVisible = 0;
			defaultConfigurationName = Release;
		};
		BFF228722692216A00AFAE52 /* Build configuration list for PBXNativeTarget "PopRacers" */ = {
			isa = XCConfigurationList;
			buildConfigurations = (
				BFF228732692216A00AFAE52 /* Debug */,
				BFF228742692216A00AFAE52 /* Release */,
			);
			defaultConfigurationIsVisible = 0;
			defaultConfigurationName = Release;
		};
/* End XCConfigurationList section */
	};
	rootObject = BFF2285B2692216800AFAE52 /* Project object */;
}
